
Microsoft Visual Studio Solution File, Format Version 11.00
# Visual Studio 2010
Project("{FAE04EC0-301F-11D3-BF4B-00C04F79EFBC}") = "Assembly-CSharp", "Assembly-CSharp.csproj", "{bbf1cab9-528d-5606-f1c7-db758d3f1e93}"
EndProject
Global
	GlobalSection(SolutionConfigurationPlatforms) = preSolution
		Debug|Any CPU = Debug|Any CPU
		Release|Any CPU = Release|Any CPU
	EndGlobalSection
	GlobalSection(ProjectConfigurationPlatforms) = postSolution
		{bbf1cab9-528d-5606-f1c7-db758d3f1e93}.Debug|Any CPU.ActiveCfg = Debug|Any CPU
		{bbf1cab9-528d-5606-f1c7-db758d3f1e93}.Debug|Any CPU.Build.0 = Debug|Any CPU
		{bbf1cab9-528d-5606-f1c7-db758d3f1e93}.Release|Any CPU.ActiveCfg = Release|Any CPU
		{bbf1cab9-528d-5606-f1c7-db758d3f1e93}.Release|Any CPU.Build.0 = Release|Any CPU
	EndGlobalSection
	GlobalSection(SolutionProperties) = preSolution
		HideSolutionNode = FALSE
	EndGlobalSection
EndGlobal
